
Microsoft Visual Studio Solution File, Format Version 12.00
# Visual Studio Version 16
VisualStudioVersion = 16.0.30225.117
MinimumVisualStudioVersion = 10.0.40219.1
Project("{FAE04EC0-301F-11D3-BF4B-00C04F79EFBC}") = "Introduction", "Introduction\Introduction.csproj", "{D83B4493-5E84-429C-A53A-012D3CB9FBD3}"
EndProject
Global
	GlobalSection(SolutionConfigurationPlatforms) = preSolution
		Debug|Any CPU = Debug|Any CPU
		Release|Any CPU = Release|Any CPU
	EndGlobalSection
	GlobalSection(ProjectConfigurationPlatforms) = postSolution
		{D83B4493-5E84-429C-A53A-012D3CB9FBD3}.Debug|Any CPU.ActiveCfg = Debug|Any CPU
		{D83B4493-5E84-429C-A53A-012D3CB9FBD3}.Debug|Any CPU.Build.0 = Debug|Any CPU
		{D83B4493-5E84-429C-A53A-012D3CB9FBD3}.Release|Any CPU.ActiveCfg = Release|Any CPU
		{D83B4493-5E84-429C-A53A-012D3CB9FBD3}.Release|Any CPU.Build.0 = Release|Any CPU
	EndGlobalSection
	GlobalSection(SolutionProperties) = preSolution
		HideSolutionNode = FALSE
	EndGlobalSection
	GlobalSection(ExtensibilityGlobals) = postSolution
		SolutionGuid = {FEC56109-111E-457D-9475-588EEF3D79E0}
	EndGlobalSection
EndGlobal
